
Microsoft Visual Studio Solution File, Format Version 12.00
# Visual Studio 15
VisualStudioVersion = 15.0.28307.1525
MinimumVisualStudioVersion = 10.0.40219.1
Project("{FAE04EC0-301F-11D3-BF4B-00C04F79EFBC}") = "Web2", "Web2\Web2.csproj", "{66E81F52-FBC2-40B5-8AE5-3F9D3FF8FF79}"
EndProject
Project("{FAE04EC0-301F-11D3-BF4B-00C04F79EFBC}") = "DataLibrary", "DataLibrary\DataLibrary.csproj", "{90662412-6CC8-4DF9-9726-21DB96A37858}"
EndProject
Project("{00D1A9C2-B5F0-4AF3-8072-F6C62B433612}") = "MVCDemoDB", "MVCDemoDB\MVCDemoDB.sqlproj", "{32080236-7984-4231-B93C-0668A97C6AE2}"
EndProject
Global
	GlobalSection(SolutionConfigurationPlatforms) = preSolution
		Debug|Any CPU = Debug|Any CPU
		Release|Any CPU = Release|Any CPU
	EndGlobalSection
	GlobalSection(ProjectConfigurationPlatforms) = postSolution
		{66E81F52-FBC2-40B5-8AE5-3F9D3FF8FF79}.Debug|Any CPU.ActiveCfg = Debug|Any CPU
		{66E81F52-FBC2-40B5-8AE5-3F9D3FF8FF79}.Debug|Any CPU.Build.0 = Debug|Any CPU
		{66E81F52-FBC2-40B5-8AE5-3F9D3FF8FF79}.Release|Any CPU.ActiveCfg = Release|Any CPU
		{66E81F52-FBC2-40B5-8AE5-3F9D3FF8FF79}.Release|Any CPU.Build.0 = Release|Any CPU
		{90662412-6CC8-4DF9-9726-21DB96A37858}.Debug|Any CPU.ActiveCfg = Debug|Any CPU
		{90662412-6CC8-4DF9-9726-21DB96A37858}.Debug|Any CPU.Build.0 = Debug|Any CPU
		{90662412-6CC8-4DF9-9726-21DB96A37858}.Release|Any CPU.ActiveCfg = Release|Any CPU
		{90662412-6CC8-4DF9-9726-21DB96A37858}.Release|Any CPU.Build.0 = Release|Any CPU
		{32080236-7984-4231-B93C-0668A97C6AE2}.Debug|Any CPU.ActiveCfg = Debug|Any CPU
		{32080236-7984-4231-B93C-0668A97C6AE2}.Debug|Any CPU.Build.0 = Debug|Any CPU
		{32080236-7984-4231-B93C-0668A97C6AE2}.Debug|Any CPU.Deploy.0 = Debug|Any CPU
		{32080236-7984-4231-B93C-0668A97C6AE2}.Release|Any CPU.ActiveCfg = Release|Any CPU
		{32080236-7984-4231-B93C-0668A97C6AE2}.Release|Any CPU.Build.0 = Release|Any CPU
		{32080236-7984-4231-B93C-0668A97C6AE2}.Release|Any CPU.Deploy.0 = Release|Any CPU
	EndGlobalSection
	GlobalSection(SolutionProperties) = preSolution
		HideSolutionNode = FALSE
	EndGlobalSection
	GlobalSection(ExtensibilityGlobals) = postSolution
		SolutionGuid = {9FA0B06D-6A6A-4329-8860-FF94082C917C}
	EndGlobalSection
EndGlobal
